// !$*UTF8*$!
{
	archiveVersion = 1;
	classes = {
	};
	objectVersion = 46;
	objects = {

/* Begin PBXBuildFile section */
		C814F8781C2AE73F00274CAF /* testclass.m in Sources */ = {isa = PBXBuildFile; fileRef = C814F8771C2AE73F00274CAF /* testclass.m */; };
		C82B9C241C1DB27800FBBDEB /* main.m in Sources */ = {isa = PBXBuildFile; fileRef = C82B9C231C1DB27800FBBDEB /* main.m */; };
		C82B9C271C1DB27800FBBDEB /* AppDelegate.m in Sources */ = {isa = PBXBuildFile; fileRef = C82B9C261C1DB27800FBBDEB /* AppDelegate.m */; };
		C82B9C2A1C1DB27800FBBDEB /* ViewController.m in Sources */ = {isa = PBXBuildFile; fileRef = C82B9C291C1DB27800FBBDEB /* ViewController.m */; };
		C82B9C2F1C1DB27800FBBDEB /* Assets.xcassets in Resources */ = {isa = PBXBuildFile; fileRef = C82B9C2E1C1DB27800FBBDEB /* Assets.xcassets */; };
		C82B9C321C1DB27800FBBDEB /* LaunchScreen.storyboard in Resources */ = {isa = PBXBuildFile; fileRef = C82B9C301C1DB27800FBBDEB /* LaunchScreen.storyboard */; };
		C8314AE81C86C05C00BA8E46 /* KvcClass.m in Sources */ = {isa = PBXBuildFile; fileRef = C8314AE71C86C05C00BA8E46 /* KvcClass.m */; };
		C8314AEB1C86D61C00BA8E46 /* KvoClass.m in Sources */ = {isa = PBXBuildFile; fileRef = C8314AEA1C86D61C00BA8E46 /* KvoClass.m */; };
		C85D302F1C7DA28800921539 /* Default-568h@2x.png in Resources */ = {isa = PBXBuildFile; fileRef = C85D302E1C7DA28800921539 /* Default-568h@2x.png */; };
		C85D30351C7DB1DB00921539 /* Security.framework in Frameworks */ = {isa = PBXBuildFile; fileRef = C85D30341C7DB1DA00921539 /* Security.framework */; };
		C85D303B1C7DB57400921539 /* KeychainItemWrapper.m in Sources */ = {isa = PBXBuildFile; fileRef = C85D303A1C7DB57400921539 /* KeychainItemWrapper.m */; };
		C87884D11C96605700F51782 /* AFHTTPSessionManager.m in Sources */ = {isa = PBXBuildFile; fileRef = C87884C51C96605700F51782 /* AFHTTPSessionManager.m */; };
		C87884D21C96605700F51782 /* AFNetworkReachabilityManager.m in Sources */ = {isa = PBXBuildFile; fileRef = C87884C81C96605700F51782 /* AFNetworkReachabilityManager.m */; };
		C87884D31C96605700F51782 /* AFSecurityPolicy.m in Sources */ = {isa = PBXBuildFile; fileRef = C87884CA1C96605700F51782 /* AFSecurityPolicy.m */; };
		C87884D41C96605700F51782 /* AFURLRequestSerialization.m in Sources */ = {isa = PBXBuildFile; fileRef = C87884CC1C96605700F51782 /* AFURLRequestSerialization.m */; };
		C87884D51C96605700F51782 /* AFURLResponseSerialization.m in Sources */ = {isa = PBXBuildFile; fileRef = C87884CE1C96605700F51782 /* AFURLResponseSerialization.m */; };
		C87884D61C96605700F51782 /* AFURLSessionManager.m in Sources */ = {isa = PBXBuildFile; fileRef = C87884D01C96605700F51782 /* AFURLSessionManager.m */; };
		C87884EC1C966A3500F51782 /* AFAutoPurgingImageCache.m in Sources */ = {isa = PBXBuildFile; fileRef = C87884D91C966A3500F51782 /* AFAutoPurgingImageCache.m */; };
		C87884ED1C966A3500F51782 /* AFImageDownloader.m in Sources */ = {isa = PBXBuildFile; fileRef = C87884DB1C966A3500F51782 /* AFImageDownloader.m */; };
		C87884EE1C966A3500F51782 /* AFNetworkActivityIndicatorManager.m in Sources */ = {isa = PBXBuildFile; fileRef = C87884DD1C966A3500F51782 /* AFNetworkActivityIndicatorManager.m */; };
		C87884EF1C966A3500F51782 /* UIActivityIndicatorView+AFNetworking.m in Sources */ = {isa = PBXBuildFile; fileRef = C87884DF1C966A3500F51782 /* UIActivityIndicatorView+AFNetworking.m */; };
		C87884F01C966A3500F51782 /* UIButton+AFNetworking.m in Sources */ = {isa = PBXBuildFile; fileRef = C87884E11C966A3500F51782 /* UIButton+AFNetworking.m */; };
		C87884F11C966A3500F51782 /* UIImageView+AFNetworking.m in Sources */ = {isa = PBXBuildFile; fileRef = C87884E41C966A3500F51782 /* UIImageView+AFNetworking.m */; };
		C87884F21C966A3500F51782 /* UIProgressView+AFNetworking.m in Sources */ = {isa = PBXBuildFile; fileRef = C87884E71C966A3500F51782 /* UIProgressView+AFNetworking.m */; };
		C87884F31C966A3500F51782 /* UIRefreshControl+AFNetworking.m in Sources */ = {isa = PBXBuildFile; fileRef = C87884E91C966A3500F51782 /* UIRefreshControl+AFNetworking.m */; };
		C87884F41C966A3500F51782 /* UIWebView+AFNetworking.m in Sources */ = {isa = PBXBuildFile; fileRef = C87884EB1C966A3500F51782 /* UIWebView+AFNetworking.m */; };
		C88D65921CA4EAB7004E1D50 /* blockViewViewController.m in Sources */ = {isa = PBXBuildFile; fileRef = C88D65911CA4EAB7004E1D50 /* blockViewViewController.m */; };
		C88D65971CA90A8F004E1D50 /* AVFoundation.framework in Frameworks */ = {isa = PBXBuildFile; fileRef = C88D65951CA90A8F004E1D50 /* AVFoundation.framework */; };
		C88D65981CA90A8F004E1D50 /* AVKit.framework in Frameworks */ = {isa = PBXBuildFile; fileRef = C88D65961CA90A8F004E1D50 /* AVKit.framework */; };
		C88D659A1CA90C0D004E1D50 /* yycs.mp3 in Resources */ = {isa = PBXBuildFile; fileRef = C88D65991CA90C0D004E1D50 /* yycs.mp3 */; };
		C8A617511C2995FE0070D101 /* pere_david_s_deer-002.jpg in Resources */ = {isa = PBXBuildFile; fileRef = C8A617501C2995FE0070D101 /* pere_david_s_deer-002.jpg */; };
		C8A617531C29A4000070D101 /* DSC01425.JPG in Resources */ = {isa = PBXBuildFile; fileRef = C8A617521C29A4000070D101 /* DSC01425.JPG */; };
		C8A617551C29A44B0070D101 /* DSC01529.JPG in Resources */ = {isa = PBXBuildFile; fileRef = C8A617541C29A44B0070D101 /* DSC01529.JPG */; };
		C8A6E23C1C2304F400C77EA7 /* AddressBook.framework in Frameworks */ = {isa = PBXBuildFile; fileRef = C8A6E23B1C2304F400C77EA7 /* AddressBook.framework */; };
		C8BBE4B81C34189200BE3E63 /* TableViewControllerDemo.m in Sources */ = {isa = PBXBuildFile; fileRef = C8BBE4B71C34189200BE3E63 /* TableViewControllerDemo.m */; };
		C8C1995B1C32D28700C2017B /* wxtClass.m in Sources */ = {isa = PBXBuildFile; fileRef = C8C1995A1C32D28700C2017B /* wxtClass.m */; };
		C8DCCA6E1C902B4D00D789AC /* codingData.m in Sources */ = {isa = PBXBuildFile; fileRef = C8DCCA6D1C902B4D00D789AC /* codingData.m */; };
		C8DCCA711C9114EA00D789AC /* codingDataTest.m in Sources */ = {isa = PBXBuildFile; fileRef = C8DCCA701C9114EA00D789AC /* codingDataTest.m */; };
		C8DCCA891C916CF600D789AC /* ASIAuthenticationDialog.m in Sources */ = {isa = PBXBuildFile; fileRef = C8DCCA741C916CF600D789AC /* ASIAuthenticationDialog.m */; settings = {COMPILER_FLAGS = "-fno-objc-arc"; }; };
		C8DCCA8A1C916CF600D789AC /* ASIDataCompressor.m in Sources */ = {isa = PBXBuildFile; fileRef = C8DCCA771C916CF600D789AC /* ASIDataCompressor.m */; settings = {COMPILER_FLAGS = "-fno-objc-arc"; }; };
		C8DCCA8B1C916CF600D789AC /* ASIDataDecompressor.m in Sources */ = {isa = PBXBuildFile; fileRef = C8DCCA791C916CF600D789AC /* ASIDataDecompressor.m */; settings = {COMPILER_FLAGS = "-fno-objc-arc"; }; };
		C8DCCA8C1C916CF600D789AC /* ASIDownloadCache.m in Sources */ = {isa = PBXBuildFile; fileRef = C8DCCA7B1C916CF600D789AC /* ASIDownloadCache.m */; settings = {COMPILER_FLAGS = "-fno-objc-arc"; }; };
		C8DCCA8D1C916CF600D789AC /* ASIFormDataRequest.m in Sources */ = {isa = PBXBuildFile; fileRef = C8DCCA7D1C916CF600D789AC /* ASIFormDataRequest.m */; settings = {COMPILER_FLAGS = "-fno-objc-arc"; }; };
		C8DCCA8E1C916CF600D789AC /* ASIHTTPRequest.m in Sources */ = {isa = PBXBuildFile; fileRef = C8DCCA7F1C916CF600D789AC /* ASIHTTPRequest.m */; settings = {COMPILER_FLAGS = "-fno-objc-arc"; }; };
		C8DCCA8F1C916CF600D789AC /* ASIInputStream.m in Sources */ = {isa = PBXBuildFile; fileRef = C8DCCA831C916CF600D789AC /* ASIInputStream.m */; settings = {COMPILER_FLAGS = "-fno-objc-arc"; }; };
		C8DCCA901C916CF600D789AC /* ASINetworkQueue.m in Sources */ = {isa = PBXBuildFile; fileRef = C8DCCA851C916CF600D789AC /* ASINetworkQueue.m */; settings = {COMPILER_FLAGS = "-fno-objc-arc"; }; };
		C8DCCA911C916CF600D789AC /* Reachability.m in Sources */ = {isa = PBXBuildFile; fileRef = C8DCCA881C916CF600D789AC /* Reachability.m */; settings = {COMPILER_FLAGS = "-fno-objc-arc"; }; };
		C8DCCA931C916EEC00D789AC /* CFNetwork.framework in Frameworks */ = {isa = PBXBuildFile; fileRef = C8DCCA921C916EEC00D789AC /* CFNetwork.framework */; };
		C8DCCA951C916EF900D789AC /* SystemConfiguration.framework in Frameworks */ = {isa = PBXBuildFile; fileRef = C8DCCA941C916EF900D789AC /* SystemConfiguration.framework */; };
		C8DCCA971C916F0300D789AC /* MobileCoreServices.framework in Frameworks */ = {isa = PBXBuildFile; fileRef = C8DCCA961C916F0300D789AC /* MobileCoreServices.framework */; };
		C8DCCA991C916F0E00D789AC /* CoreGraphics.framework in Frameworks */ = {isa = PBXBuildFile; fileRef = C8DCCA981C916F0E00D789AC /* CoreGraphics.framework */; };
		C8DCCAA11C916F7300D789AC /* libz.1.2.5.tbd in Frameworks */ = {isa = PBXBuildFile; fileRef = C8DCCA9A1C916F2300D789AC /* libz.1.2.5.tbd */; };
/* End PBXBuildFile section */

/* Begin PBXFileReference section */
		C814F8761C2AE73F00274CAF /* testclass.h */ = {isa = PBXFileReference; fileEncoding = 4; lastKnownFileType = sourcecode.c.h; path = testclass.h; sourceTree = "<group>"; };
		C814F8771C2AE73F00274CAF /* testclass.m */ = {isa = PBXFileReference; fileEncoding = 4; lastKnownFileType = sourcecode.c.objc; path = testclass.m; sourceTree = "<group>"; };
		C82B9C1F1C1DB27800FBBDEB /* test.app */ = {isa = PBXFileReference; explicitFileType = wrapper.application; includeInIndex = 0; path = test.app; sourceTree = BUILT_PRODUCTS_DIR; };
		C82B9C231C1DB27800FBBDEB /* main.m */ = {isa = PBXFileReference; lastKnownFileType = sourcecode.c.objc; path = main.m; sourceTree = "<group>"; };
		C82B9C251C1DB27800FBBDEB /* AppDelegate.h */ = {isa = PBXFileReference; lastKnownFileType = sourcecode.c.h; path = AppDelegate.h; sourceTree = "<group>"; };
		C82B9C261C1DB27800FBBDEB /* AppDelegate.m */ = {isa = PBXFileReference; lastKnownFileType = sourcecode.c.objc; path = AppDelegate.m; sourceTree = "<group>"; };
		C82B9C281C1DB27800FBBDEB /* ViewController.h */ = {isa = PBXFileReference; lastKnownFileType = sourcecode.c.h; path = ViewController.h; sourceTree = "<group>"; };
		C82B9C291C1DB27800FBBDEB /* ViewController.m */ = {isa = PBXFileReference; lastKnownFileType = sourcecode.c.objc; path = ViewController.m; sourceTree = "<group>"; };
		C82B9C2E1C1DB27800FBBDEB /* Assets.xcassets */ = {isa = PBXFileReference; lastKnownFileType = folder.assetcatalog; path = Assets.xcassets; sourceTree = "<group>"; };
		C82B9C311C1DB27800FBBDEB /* Base */ = {isa = PBXFileReference; lastKnownFileType = file.storyboard; name = Base; path = Base.lproj/LaunchScreen.storyboard; sourceTree = "<group>"; };
		C82B9C331C1DB27800FBBDEB /* Info.plist */ = {isa = PBXFileReference; lastKnownFileType = text.plist.xml; path = Info.plist; sourceTree = "<group>"; };
		C8314AE61C86C05C00BA8E46 /* KvcClass.h */ = {isa = PBXFileReference; fileEncoding = 4; lastKnownFileType = sourcecode.c.h; path = KvcClass.h; sourceTree = "<group>"; };
		C8314AE71C86C05C00BA8E46 /* KvcClass.m */ = {isa = PBXFileReference; fileEncoding = 4; lastKnownFileType = sourcecode.c.objc; path = KvcClass.m; sourceTree = "<group>"; };
		C8314AE91C86D61C00BA8E46 /* KvoClass.h */ = {isa = PBXFileReference; fileEncoding = 4; lastKnownFileType = sourcecode.c.h; path = KvoClass.h; sourceTree = "<group>"; };
		C8314AEA1C86D61C00BA8E46 /* KvoClass.m */ = {isa = PBXFileReference; fileEncoding = 4; lastKnownFileType = sourcecode.c.objc; path = KvoClass.m; sourceTree = "<group>"; };
		C85D302E1C7DA28800921539 /* Default-568h@2x.png */ = {isa = PBXFileReference; lastKnownFileType = image.png; path = "Default-568h@2x.png"; sourceTree = "<group>"; };
		C85D30341C7DB1DA00921539 /* Security.framework */ = {isa = PBXFileReference; lastKnownFileType = wrapper.framework; name = Security.framework; path = System/Library/Frameworks/Security.framework; sourceTree = SDKROOT; };
		C85D30391C7DB57400921539 /* KeychainItemWrapper.h */ = {isa = PBXFileReference; fileEncoding = 4; lastKnownFileType = sourcecode.c.h; path = KeychainItemWrapper.h; sourceTree = "<group>"; };
		C85D303A1C7DB57400921539 /* KeychainItemWrapper.m */ = {isa = PBXFileReference; fileEncoding = 4; lastKnownFileType = sourcecode.c.objc; path = KeychainItemWrapper.m; sourceTree = "<group>"; };
		C87884C41C96605700F51782 /* AFHTTPSessionManager.h */ = {isa = PBXFileReference; fileEncoding = 4; lastKnownFileType = sourcecode.c.h; path = AFHTTPSessionManager.h; sourceTree = "<group>"; };
		C87884C51C96605700F51782 /* AFHTTPSessionManager.m */ = {isa = PBXFileReference; fileEncoding = 4; lastKnownFileType = sourcecode.c.objc; path = AFHTTPSessionManager.m; sourceTree = "<group>"; };
		C87884C61C96605700F51782 /* AFNetworking.h */ = {isa = PBXFileReference; fileEncoding = 4; lastKnownFileType = sourcecode.c.h; path = AFNetworking.h; sourceTree = "<group>"; };
		C87884C71C96605700F51782 /* AFNetworkReachabilityManager.h */ = {isa = PBXFileReference; fileEncoding = 4; lastKnownFileType = sourcecode.c.h; path = AFNetworkReachabilityManager.h; sourceTree = "<group>"; };
		C87884C81C96605700F51782 /* AFNetworkReachabilityManager.m */ = {isa = PBXFileReference; fileEncoding = 4; lastKnownFileType = sourcecode.c.objc; path = AFNetworkReachabilityManager.m; sourceTree = "<group>"; };
		C87884C91C96605700F51782 /* AFSecurityPolicy.h */ = {isa = PBXFileReference; fileEncoding = 4; lastKnownFileType = sourcecode.c.h; path = AFSecurityPolicy.h; sourceTree = "<group>"; };
		C87884CA1C96605700F51782 /* AFSecurityPolicy.m */ = {isa = PBXFileReference; fileEncoding = 4; lastKnownFileType = sourcecode.c.objc; path = AFSecurityPolicy.m; sourceTree = "<group>"; };
		C87884CB1C96605700F51782 /* AFURLRequestSerialization.h */ = {isa = PBXFileReference; fileEncoding = 4; lastKnownFileType = sourcecode.c.h; path = AFURLRequestSerialization.h; sourceTree = "<group>"; };
		C87884CC1C96605700F51782 /* AFURLRequestSerialization.m */ = {isa = PBXFileReference; fileEncoding = 4; lastKnownFileType = sourcecode.c.objc; path = AFURLRequestSerialization.m; sourceTree = "<group>"; };
		C87884CD1C96605700F51782 /* AFURLResponseSerialization.h */ = {isa = PBXFileReference; fileEncoding = 4; lastKnownFileType = sourcecode.c.h; path = AFURLResponseSerialization.h; sourceTree = "<group>"; };
		C87884CE1C96605700F51782 /* AFURLResponseSerialization.m */ = {isa = PBXFileReference; fileEncoding = 4; lastKnownFileType = sourcecode.c.objc; path = AFURLResponseSerialization.m; sourceTree = "<group>"; };
		C87884CF1C96605700F51782 /* AFURLSessionManager.h */ = {isa = PBXFileReference; fileEncoding = 4; lastKnownFileType = sourcecode.c.h; path = AFURLSessionManager.h; sourceTree = "<group>"; };
		C87884D01C96605700F51782 /* AFURLSessionManager.m */ = {isa = PBXFileReference; fileEncoding = 4; lastKnownFileType = sourcecode.c.objc; path = AFURLSessionManager.m; sourceTree = "<group>"; };
		C87884D81C966A3500F51782 /* AFAutoPurgingImageCache.h */ = {isa = PBXFileReference; fileEncoding = 4; lastKnownFileType = sourcecode.c.h; path = AFAutoPurgingImageCache.h; sourceTree = "<group>"; };
		C87884D91C966A3500F51782 /* AFAutoPurgingImageCache.m */ = {isa = PBXFileReference; fileEncoding = 4; lastKnownFileType = sourcecode.c.objc; path = AFAutoPurgingImageCache.m; sourceTree = "<group>"; };
		C87884DA1C966A3500F51782 /* AFImageDownloader.h */ = {isa = PBXFileReference; fileEncoding = 4; lastKnownFileType = sourcecode.c.h; path = AFImageDownloader.h; sourceTree = "<group>"; };
		C87884DB1C966A3500F51782 /* AFImageDownloader.m */ = {isa = PBXFileReference; fileEncoding = 4; lastKnownFileType = sourcecode.c.objc; path = AFImageDownloader.m; sourceTree = "<group>"; };
		C87884DC1C966A3500F51782 /* AFNetworkActivityIndicatorManager.h */ = {isa = PBXFileReference; fileEncoding = 4; lastKnownFileType = sourcecode.c.h; path = AFNetworkActivityIndicatorManager.h; sourceTree = "<group>"; };
		C87884DD1C966A3500F51782 /* AFNetworkActivityIndicatorManager.m */ = {isa = PBXFileReference; fileEncoding = 4; lastKnownFileType = sourcecode.c.objc; path = AFNetworkActivityIndicatorManager.m; sourceTree = "<group>"; };
		C87884DE1C966A3500F51782 /* UIActivityIndicatorView+AFNetworking.h */ = {isa = PBXFileReference; fileEncoding = 4; lastKnownFileType = sourcecode.c.h; path = "UIActivityIndicatorView+AFNetworking.h"; sourceTree = "<group>"; };
		C87884DF1C966A3500F51782 /* UIActivityIndicatorView+AFNetworking.m */ = {isa = PBXFileReference; fileEncoding = 4; lastKnownFileType = sourcecode.c.objc; path = "UIActivityIndicatorView+AFNetworking.m"; sourceTree = "<group>"; };
		C87884E01C966A3500F51782 /* UIButton+AFNetworking.h */ = {isa = PBXFileReference; fileEncoding = 4; lastKnownFileType = sourcecode.c.h; path = "UIButton+AFNetworking.h"; sourceTree = "<group>"; };
		C87884E11C966A3500F51782 /* UIButton+AFNetworking.m */ = {isa = PBXFileReference; fileEncoding = 4; lastKnownFileType = sourcecode.c.objc; path = "UIButton+AFNetworking.m"; sourceTree = "<group>"; };
		C87884E21C966A3500F51782 /* UIImage+AFNetworking.h */ = {isa = PBXFileReference; fileEncoding = 4; lastKnownFileType = sourcecode.c.h; path = "UIImage+AFNetworking.h"; sourceTree = "<group>"; };
		C87884E31C966A3500F51782 /* UIImageView+AFNetworking.h */ = {isa = PBXFileReference; fileEncoding = 4; lastKnownFileType = sourcecode.c.h; path = "UIImageView+AFNetworking.h"; sourceTree = "<group>"; };
		C87884E41C966A3500F51782 /* UIImageView+AFNetworking.m */ = {isa = PBXFileReference; fileEncoding = 4; lastKnownFileType = sourcecode.c.objc; path = "UIImageView+AFNetworking.m"; sourceTree = "<group>"; };
		C87884E51C966A3500F51782 /* UIKit+AFNetworking.h */ = {isa = PBXFileReference; fileEncoding = 4; lastKnownFileType = sourcecode.c.h; path = "UIKit+AFNetworking.h"; sourceTree = "<group>"; };
		C87884E61C966A3500F51782 /* UIProgressView+AFNetworking.h */ = {isa = PBXFileReference; fileEncoding = 4; lastKnownFileType = sourcecode.c.h; path = "UIProgressView+AFNetworking.h"; sourceTree = "<group>"; };
		C87884E71C966A3500F51782 /* UIProgressView+AFNetworking.m */ = {isa = PBXFileReference; fileEncoding = 4; lastKnownFileType = sourcecode.c.objc; path = "UIProgressView+AFNetworking.m"; sourceTree = "<group>"; };
		C87884E81C966A3500F51782 /* UIRefreshControl+AFNetworking.h */ = {isa = PBXFileReference; fileEncoding = 4; lastKnownFileType = sourcecode.c.h; path = "UIRefreshControl+AFNetworking.h"; sourceTree = "<group>"; };
		C87884E91C966A3500F51782 /* UIRefreshControl+AFNetworking.m */ = {isa = PBXFileReference; fileEncoding = 4; lastKnownFileType = sourcecode.c.objc; path = "UIRefreshControl+AFNetworking.m"; sourceTree = "<group>"; };
		C87884EA1C966A3500F51782 /* UIWebView+AFNetworking.h */ = {isa = PBXFileReference; fileEncoding = 4; lastKnownFileType = sourcecode.c.h; path = "UIWebView+AFNetworking.h"; sourceTree = "<group>"; };
		C87884EB1C966A3500F51782 /* UIWebView+AFNetworking.m */ = {isa = PBXFileReference; fileEncoding = 4; lastKnownFileType = sourcecode.c.objc; path = "UIWebView+AFNetworking.m"; sourceTree = "<group>"; };
		C88D65901CA4EAB7004E1D50 /* blockViewViewController.h */ = {isa = PBXFileReference; fileEncoding = 4; lastKnownFileType = sourcecode.c.h; path = blockViewViewController.h; sourceTree = "<group>"; };
		C88D65911CA4EAB7004E1D50 /* blockViewViewController.m */ = {isa = PBXFileReference; fileEncoding = 4; lastKnownFileType = sourcecode.c.objc; path = blockViewViewController.m; sourceTree = "<group>"; };
		C88D65951CA90A8F004E1D50 /* AVFoundation.framework */ = {isa = PBXFileReference; lastKnownFileType = wrapper.framework; name = AVFoundation.framework; path = System/Library/Frameworks/AVFoundation.framework; sourceTree = SDKROOT; };
		C88D65961CA90A8F004E1D50 /* AVKit.framework */ = {isa = PBXFileReference; lastKnownFileType = wrapper.framework; name = AVKit.framework; path = System/Library/Frameworks/AVKit.framework; sourceTree = SDKROOT; };
		C88D65991CA90C0D004E1D50 /* yycs.mp3 */ = {isa = PBXFileReference; lastKnownFileType = audio.mp3; path = yycs.mp3; sourceTree = "<group>"; };
		C8A617501C2995FE0070D101 /* pere_david_s_deer-002.jpg */ = {isa = PBXFileReference; lastKnownFileType = image.jpeg; path = "pere_david_s_deer-002.jpg"; sourceTree = "<group>"; };
		C8A617521C29A4000070D101 /* DSC01425.JPG */ = {isa = PBXFileReference; lastKnownFileType = image.jpeg; path = DSC01425.JPG; sourceTree = "<group>"; };
		C8A617541C29A44B0070D101 /* DSC01529.JPG */ = {isa = PBXFileReference; lastKnownFileType = image.jpeg; path = DSC01529.JPG; sourceTree = "<group>"; };
		C8A6E23B1C2304F400C77EA7 /* AddressBook.framework */ = {isa = PBXFileReference; lastKnownFileType = wrapper.framework; name = AddressBook.framework; path = System/Library/Frameworks/AddressBook.framework; sourceTree = SDKROOT; };
		C8BBE4B61C34189200BE3E63 /* TableViewControllerDemo.h */ = {isa = PBXFileReference; fileEncoding = 4; lastKnownFileType = sourcecode.c.h; path = TableViewControllerDemo.h; sourceTree = "<group>"; };
		C8BBE4B71C34189200BE3E63 /* TableViewControllerDemo.m */ = {isa = PBXFileReference; fileEncoding = 4; lastKnownFileType = sourcecode.c.objc; path = TableViewControllerDemo.m; sourceTree = "<group>"; };
		C8C199591C32D28700C2017B /* wxtClass.h */ = {isa = PBXFileReference; fileEncoding = 4; lastKnownFileType = sourcecode.c.h; path = wxtClass.h; sourceTree = "<group>"; };
		C8C1995A1C32D28700C2017B /* wxtClass.m */ = {isa = PBXFileReference; fileEncoding = 4; lastKnownFileType = sourcecode.c.objc; path = wxtClass.m; sourceTree = "<group>"; };
		C8DCCA6C1C902B4D00D789AC /* codingData.h */ = {isa = PBXFileReference; fileEncoding = 4; lastKnownFileType = sourcecode.c.h; path = codingData.h; sourceTree = "<group>"; };
		C8DCCA6D1C902B4D00D789AC /* codingData.m */ = {isa = PBXFileReference; fileEncoding = 4; lastKnownFileType = sourcecode.c.objc; path = codingData.m; sourceTree = "<group>"; };
		C8DCCA6F1C9114EA00D789AC /* codingDataTest.h */ = {isa = PBXFileReference; fileEncoding = 4; lastKnownFileType = sourcecode.c.h; path = codingDataTest.h; sourceTree = "<group>"; };
		C8DCCA701C9114EA00D789AC /* codingDataTest.m */ = {isa = PBXFileReference; fileEncoding = 4; lastKnownFileType = sourcecode.c.objc; path = codingDataTest.m; sourceTree = "<group>"; };
		C8DCCA731C916CF600D789AC /* ASIAuthenticationDialog.h */ = {isa = PBXFileReference; fileEncoding = 4; lastKnownFileType = sourcecode.c.h; path = ASIAuthenticationDialog.h; sourceTree = "<group>"; };
		C8DCCA741C916CF600D789AC /* ASIAuthenticationDialog.m */ = {isa = PBXFileReference; fileEncoding = 4; lastKnownFileType = sourcecode.c.objc; path = ASIAuthenticationDialog.m; sourceTree = "<group>"; };
		C8DCCA751C916CF600D789AC /* ASICacheDelegate.h */ = {isa = PBXFileReference; fileEncoding = 4; lastKnownFileType = sourcecode.c.h; path = ASICacheDelegate.h; sourceTree = "<group>"; };
		C8DCCA761C916CF600D789AC /* ASIDataCompressor.h */ = {isa = PBXFileReference; fileEncoding = 4; lastKnownFileType = sourcecode.c.h; path = ASIDataCompressor.h; sourceTree = "<group>"; };
		C8DCCA771C916CF600D789AC /* ASIDataCompressor.m */ = {isa = PBXFileReference; fileEncoding = 4; lastKnownFileType = sourcecode.c.objc; path = ASIDataCompressor.m; sourceTree = "<group>"; };
		C8DCCA781C916CF600D789AC /* ASIDataDecompressor.h */ = {isa = PBXFileReference; fileEncoding = 4; lastKnownFileType = sourcecode.c.h; path = ASIDataDecompressor.h; sourceTree = "<group>"; };
		C8DCCA791C916CF600D789AC /* ASIDataDecompressor.m */ = {isa = PBXFileReference; fileEncoding = 4; lastKnownFileType = sourcecode.c.objc; path = ASIDataDecompressor.m; sourceTree = "<group>"; };
		C8DCCA7A1C916CF600D789AC /* ASIDownloadCache.h */ = {isa = PBXFileReference; fileEncoding = 4; lastKnownFileType = sourcecode.c.h; path = ASIDownloadCache.h; sourceTree = "<group>"; };
		C8DCCA7B1C916CF600D789AC /* ASIDownloadCache.m */ = {isa = PBXFileReference; fileEncoding = 4; lastKnownFileType = sourcecode.c.objc; path = ASIDownloadCache.m; sourceTree = "<group>"; };
		C8DCCA7C1C916CF600D789AC /* ASIFormDataRequest.h */ = {isa = PBXFileReference; fileEncoding = 4; lastKnownFileType = sourcecode.c.h; path = ASIFormDataRequest.h; sourceTree = "<group>"; };
		C8DCCA7D1C916CF600D789AC /* ASIFormDataRequest.m */ = {isa = PBXFileReference; fileEncoding = 4; lastKnownFileType = sourcecode.c.objc; path = ASIFormDataRequest.m; sourceTree = "<group>"; };
		C8DCCA7E1C916CF600D789AC /* ASIHTTPRequest.h */ = {isa = PBXFileReference; fileEncoding = 4; lastKnownFileType = sourcecode.c.h; path = ASIHTTPRequest.h; sourceTree = "<group>"; };
		C8DCCA7F1C916CF600D789AC /* ASIHTTPRequest.m */ = {isa = PBXFileReference; fileEncoding = 4; lastKnownFileType = sourcecode.c.objc; path = ASIHTTPRequest.m; sourceTree = "<group>"; };
		C8DCCA801C916CF600D789AC /* ASIHTTPRequestConfig.h */ = {isa = PBXFileReference; fileEncoding = 4; lastKnownFileType = sourcecode.c.h; path = ASIHTTPRequestConfig.h; sourceTree = "<group>"; };
		C8DCCA811C916CF600D789AC /* ASIHTTPRequestDelegate.h */ = {isa = PBXFileReference; fileEncoding = 4; lastKnownFileType = sourcecode.c.h; path = ASIHTTPRequestDelegate.h; sourceTree = "<group>"; };
		C8DCCA821C916CF600D789AC /* ASIInputStream.h */ = {isa = PBXFileReference; fileEncoding = 4; lastKnownFileType = sourcecode.c.h; path = ASIInputStream.h; sourceTree = "<group>"; };
		C8DCCA831C916CF600D789AC /* ASIInputStream.m */ = {isa = PBXFileReference; fileEncoding = 4; lastKnownFileType = sourcecode.c.objc; path = ASIInputStream.m; sourceTree = "<group>"; };
		C8DCCA841C916CF600D789AC /* ASINetworkQueue.h */ = {isa = PBXFileReference; fileEncoding = 4; lastKnownFileType = sourcecode.c.h; path = ASINetworkQueue.h; sourceTree = "<group>"; };
		C8DCCA851C916CF600D789AC /* ASINetworkQueue.m */ = {isa = PBXFileReference; fileEncoding = 4; lastKnownFileType = sourcecode.c.objc; path = ASINetworkQueue.m; sourceTree = "<group>"; };
		C8DCCA861C916CF600D789AC /* ASIProgressDelegate.h */ = {isa = PBXFileReference; fileEncoding = 4; lastKnownFileType = sourcecode.c.h; path = ASIProgressDelegate.h; sourceTree = "<group>"; };
		C8DCCA871C916CF600D789AC /* Reachability.h */ = {isa = PBXFileReference; fileEncoding = 4; lastKnownFileType = sourcecode.c.h; path = Reachability.h; sourceTree = "<group>"; };
		C8DCCA881C916CF600D789AC /* Reachability.m */ = {isa = PBXFileReference; fileEncoding = 4; lastKnownFileType = sourcecode.c.objc; path = Reachability.m; sourceTree = "<group>"; };
		C8DCCA921C916EEC00D789AC /* CFNetwork.framework */ = {isa = PBXFileReference; lastKnownFileType = wrapper.framework; name = CFNetwork.framework; path = System/Library/Frameworks/CFNetwork.framework; sourceTree = SDKROOT; };
		C8DCCA941C916EF900D789AC /* SystemConfiguration.framework */ = {isa = PBXFileReference; lastKnownFileType = wrapper.framework; name = SystemConfiguration.framework; path = System/Library/Frameworks/SystemConfiguration.framework; sourceTree = SDKROOT; };
		C8DCCA961C916F0300D789AC /* MobileCoreServices.framework */ = {isa = PBXFileReference; lastKnownFileType = wrapper.framework; name = MobileCoreServices.framework; path = System/Library/Frameworks/MobileCoreServices.framework; sourceTree = SDKROOT; };
		C8DCCA981C916F0E00D789AC /* CoreGraphics.framework */ = {isa = PBXFileReference; lastKnownFileType = wrapper.framework; name = CoreGraphics.framework; path = System/Library/Frameworks/CoreGraphics.framework; sourceTree = SDKROOT; };
		C8DCCA9A1C916F2300D789AC /* libz.1.2.5.tbd */ = {isa = PBXFileReference; lastKnownFileType = "sourcecode.text-based-dylib-definition"; name = libz.1.2.5.tbd; path = usr/lib/libz.1.2.5.tbd; sourceTree = SDKROOT; };
		C8DCCA9C1C916F2C00D789AC /* libz.1.1.3.tbd */ = {isa = PBXFileReference; lastKnownFileType = "sourcecode.text-based-dylib-definition"; name = libz.1.1.3.tbd; path = usr/lib/libz.1.1.3.tbd; sourceTree = SDKROOT; };
		C8DCCA9F1C916F5100D789AC /* libz.tbd */ = {isa = PBXFileReference; lastKnownFileType = "sourcecode.text-based-dylib-definition"; name = libz.tbd; path = usr/lib/libz.tbd; sourceTree = SDKROOT; };
/* End PBXFileReference section */

/* Begin PBXFrameworksBuildPhase section */
		C82B9C1C1C1DB27800FBBDEB /* Frameworks */ = {
			isa = PBXFrameworksBuildPhase;
			buildActionMask = 2147483647;
			files = (
				C88D65971CA90A8F004E1D50 /* AVFoundation.framework in Frameworks */,
				C88D65981CA90A8F004E1D50 /* AVKit.framework in Frameworks */,
				C8DCCAA11C916F7300D789AC /* libz.1.2.5.tbd in Frameworks */,
				C8DCCA991C916F0E00D789AC /* CoreGraphics.framework in Frameworks */,
				C8DCCA971C916F0300D789AC /* MobileCoreServices.framework in Frameworks */,
				C8DCCA951C916EF900D789AC /* SystemConfiguration.framework in Frameworks */,
				C8DCCA931C916EEC00D789AC /* CFNetwork.framework in Frameworks */,
				C85D30351C7DB1DB00921539 /* Security.framework in Frameworks */,
				C8A6E23C1C2304F400C77EA7 /* AddressBook.framework in Frameworks */,
			);
			runOnlyForDeploymentPostprocessing = 0;
		};
/* End PBXFrameworksBuildPhase section */

/* Begin PBXGroup section */
		C82B9C161C1DB27800FBBDEB = {
			isa = PBXGroup;
			children = (
				C88D65951CA90A8F004E1D50 /* AVFoundation.framework */,
				C88D65961CA90A8F004E1D50 /* AVKit.framework */,
				C85D302E1C7DA28800921539 /* Default-568h@2x.png */,
				C82B9C211C1DB27800FBBDEB /* test */,
				C82B9C201C1DB27800FBBDEB /* Products */,
			);
			sourceTree = "<group>";
		};
		C82B9C201C1DB27800FBBDEB /* Products */ = {
			isa = PBXGroup;
			children = (
				C82B9C1F1C1DB27800FBBDEB /* test.app */,
			);
			name = Products;
			sourceTree = "<group>";
		};
		C82B9C211C1DB27800FBBDEB /* test */ = {
			isa = PBXGroup;
			children = (
				C88D65991CA90C0D004E1D50 /* yycs.mp3 */,
				C88D658F1CA4EA6A004E1D50 /* blockview */,
				C87884D71C966A3500F51782 /* UIKit+AFNetworking */,
				C87884C31C96605700F51782 /* AFNetworking */,
				C8DCCAA21C916FC900D789AC /* framework */,
				C8DCCA721C916CF600D789AC /* ASIHttp */,
				C8DCCA6B1C902B1300D789AC /* coodingData */,
				C85D30381C7DB57400921539 /* Keychain */,
				C82B9C251C1DB27800FBBDEB /* AppDelegate.h */,
				C82B9C261C1DB27800FBBDEB /* AppDelegate.m */,
				C82B9C281C1DB27800FBBDEB /* ViewController.h */,
				C82B9C291C1DB27800FBBDEB /* ViewController.m */,
				C8A617501C2995FE0070D101 /* pere_david_s_deer-002.jpg */,
				C8A617541C29A44B0070D101 /* DSC01529.JPG */,
				C8A617521C29A4000070D101 /* DSC01425.JPG */,
				C82B9C2E1C1DB27800FBBDEB /* Assets.xcassets */,
				C82B9C301C1DB27800FBBDEB /* LaunchScreen.storyboard */,
				C82B9C331C1DB27800FBBDEB /* Info.plist */,
				C82B9C221C1DB27800FBBDEB /* Supporting Files */,
				C814F8761C2AE73F00274CAF /* testclass.h */,
				C814F8771C2AE73F00274CAF /* testclass.m */,
				C8C199591C32D28700C2017B /* wxtClass.h */,
				C8C1995A1C32D28700C2017B /* wxtClass.m */,
				C8BBE4B61C34189200BE3E63 /* TableViewControllerDemo.h */,
				C8BBE4B71C34189200BE3E63 /* TableViewControllerDemo.m */,
			);
			path = test;
			sourceTree = "<group>";
		};
		C82B9C221C1DB27800FBBDEB /* Supporting Files */ = {
			isa = PBXGroup;
			children = (
				C82B9C231C1DB27800FBBDEB /* main.m */,
				C8314AE61C86C05C00BA8E46 /* KvcClass.h */,
				C8314AE71C86C05C00BA8E46 /* KvcClass.m */,
				C8314AE91C86D61C00BA8E46 /* KvoClass.h */,
				C8314AEA1C86D61C00BA8E46 /* KvoClass.m */,
			);
			name = "Supporting Files";
			sourceTree = "<group>";
		};
		C85D30381C7DB57400921539 /* Keychain */ = {
			isa = PBXGroup;
			children = (
				C85D30391C7DB57400921539 /* KeychainItemWrapper.h */,
				C85D303A1C7DB57400921539 /* KeychainItemWrapper.m */,
			);
			path = Keychain;
			sourceTree = "<group>";
		};
		C87884C31C96605700F51782 /* AFNetworking */ = {
			isa = PBXGroup;
			children = (
				C87884C41C96605700F51782 /* AFHTTPSessionManager.h */,
				C87884C51C96605700F51782 /* AFHTTPSessionManager.m */,
				C87884C61C96605700F51782 /* AFNetworking.h */,
				C87884C71C96605700F51782 /* AFNetworkReachabilityManager.h */,
				C87884C81C96605700F51782 /* AFNetworkReachabilityManager.m */,
				C87884C91C96605700F51782 /* AFSecurityPolicy.h */,
				C87884CA1C96605700F51782 /* AFSecurityPolicy.m */,
				C87884CB1C96605700F51782 /* AFURLRequestSerialization.h */,
				C87884CC1C96605700F51782 /* AFURLRequestSerialization.m */,
				C87884CD1C96605700F51782 /* AFURLResponseSerialization.h */,
				C87884CE1C96605700F51782 /* AFURLResponseSerialization.m */,
				C87884CF1C96605700F51782 /* AFURLSessionManager.h */,
				C87884D01C96605700F51782 /* AFURLSessionManager.m */,
			);
			path = AFNetworking;
			sourceTree = "<group>";
		};
		C87884D71C966A3500F51782 /* UIKit+AFNetworking */ = {
			isa = PBXGroup;
			children = (
				C87884D81C966A3500F51782 /* AFAutoPurgingImageCache.h */,
				C87884D91C966A3500F51782 /* AFAutoPurgingImageCache.m */,
				C87884DA1C966A3500F51782 /* AFImageDownloader.h */,
				C87884DB1C966A3500F51782 /* AFImageDownloader.m */,
				C87884DC1C966A3500F51782 /* AFNetworkActivityIndicatorManager.h */,
				C87884DD1C966A3500F51782 /* AFNetworkActivityIndicatorManager.m */,
				C87884DE1C966A3500F51782 /* UIActivityIndicatorView+AFNetworking.h */,
				C87884DF1C966A3500F51782 /* UIActivityIndicatorView+AFNetworking.m */,
				C87884E01C966A3500F51782 /* UIButton+AFNetworking.h */,
				C87884E11C966A3500F51782 /* UIButton+AFNetworking.m */,
				C87884E21C966A3500F51782 /* UIImage+AFNetworking.h */,
				C87884E31C966A3500F51782 /* UIImageView+AFNetworking.h */,
				C87884E41C966A3500F51782 /* UIImageView+AFNetworking.m */,
				C87884E51C966A3500F51782 /* UIKit+AFNetworking.h */,
				C87884E61C966A3500F51782 /* UIProgressView+AFNetworking.h */,
				C87884E71C966A3500F51782 /* UIProgressView+AFNetworking.m */,
				C87884E81C966A3500F51782 /* UIRefreshControl+AFNetworking.h */,
				C87884E91C966A3500F51782 /* UIRefreshControl+AFNetworking.m */,
				C87884EA1C966A3500F51782 /* UIWebView+AFNetworking.h */,
				C87884EB1C966A3500F51782 /* UIWebView+AFNetworking.m */,
			);
			path = "UIKit+AFNetworking";
			sourceTree = "<group>";
		};
		C88D658F1CA4EA6A004E1D50 /* blockview */ = {
			isa = PBXGroup;
			children = (
				C88D65901CA4EAB7004E1D50 /* blockViewViewController.h */,
				C88D65911CA4EAB7004E1D50 /* blockViewViewController.m */,
			);
			name = blockview;
			sourceTree = "<group>";
		};
		C8DCCA6B1C902B1300D789AC /* coodingData */ = {
			isa = PBXGroup;
			children = (
				C8DCCA6C1C902B4D00D789AC /* codingData.h */,
				C8DCCA6D1C902B4D00D789AC /* codingData.m */,
				C8DCCA6F1C9114EA00D789AC /* codingDataTest.h */,
				C8DCCA701C9114EA00D789AC /* codingDataTest.m */,
			);
			name = coodingData;
			sourceTree = "<group>";
		};
		C8DCCA721C916CF600D789AC /* ASIHttp */ = {
			isa = PBXGroup;
			children = (
				C8DCCA731C916CF600D789AC /* ASIAuthenticationDialog.h */,
				C8DCCA741C916CF600D789AC /* ASIAuthenticationDialog.m */,
				C8DCCA751C916CF600D789AC /* ASICacheDelegate.h */,
				C8DCCA761C916CF600D789AC /* ASIDataCompressor.h */,
				C8DCCA771C916CF600D789AC /* ASIDataCompressor.m */,
				C8DCCA781C916CF600D789AC /* ASIDataDecompressor.h */,
				C8DCCA791C916CF600D789AC /* ASIDataDecompressor.m */,
				C8DCCA7A1C916CF600D789AC /* ASIDownloadCache.h */,
				C8DCCA7B1C916CF600D789AC /* ASIDownloadCache.m */,
				C8DCCA7C1C916CF600D789AC /* ASIFormDataRequest.h */,
				C8DCCA7D1C916CF600D789AC /* ASIFormDataRequest.m */,
				C8DCCA7E1C916CF600D789AC /* ASIHTTPRequest.h */,
				C8DCCA7F1C916CF600D789AC /* ASIHTTPRequest.m */,
				C8DCCA801C916CF600D789AC /* ASIHTTPRequestConfig.h */,
				C8DCCA811C916CF600D789AC /* ASIHTTPRequestDelegate.h */,
				C8DCCA821C916CF600D789AC /* ASIInputStream.h */,
				C8DCCA831C916CF600D789AC /* ASIInputStream.m */,
				C8DCCA841C916CF600D789AC /* ASINetworkQueue.h */,
				C8DCCA851C916CF600D789AC /* ASINetworkQueue.m */,
				C8DCCA861C916CF600D789AC /* ASIProgressDelegate.h */,
				C8DCCA871C916CF600D789AC /* Reachability.h */,
				C8DCCA881C916CF600D789AC /* Reachability.m */,
			);
			path = ASIHttp;
			sourceTree = "<group>";
		};
		C8DCCAA21C916FC900D789AC /* framework */ = {
			isa = PBXGroup;
			children = (
				C8A6E23B1C2304F400C77EA7 /* AddressBook.framework */,
				C8DCCA9F1C916F5100D789AC /* libz.tbd */,
				C8DCCA9C1C916F2C00D789AC /* libz.1.1.3.tbd */,
				C8DCCA9A1C916F2300D789AC /* libz.1.2.5.tbd */,
				C8DCCA981C916F0E00D789AC /* CoreGraphics.framework */,
				C8DCCA961C916F0300D789AC /* MobileCoreServices.framework */,
				C8DCCA941C916EF900D789AC /* SystemConfiguration.framework */,
				C8DCCA921C916EEC00D789AC /* CFNetwork.framework */,
				C85D30341C7DB1DA00921539 /* Security.framework */,
			);
			name = framework;
			path = ..;
			sourceTree = "<group>";
		};
/* End PBXGroup section */

/* Begin PBXNativeTarget section */
		C82B9C1E1C1DB27800FBBDEB /* test */ = {
			isa = PBXNativeTarget;
			buildConfigurationList = C82B9C361C1DB27800FBBDEB /* Build configuration list for PBXNativeTarget "test" */;
			buildPhases = (
				C82B9C1B1C1DB27800FBBDEB /* Sources */,
				C82B9C1C1C1DB27800FBBDEB /* Frameworks */,
				C82B9C1D1C1DB27800FBBDEB /* Resources */,
			);
			buildRules = (
			);
			dependencies = (
			);
			name = test;
			productName = test;
			productReference = C82B9C1F1C1DB27800FBBDEB /* test.app */;
			productType = "com.apple.product-type.application";
		};
/* End PBXNativeTarget section */

/* Begin PBXProject section */
		C82B9C171C1DB27800FBBDEB /* Project object */ = {
			isa = PBXProject;
			attributes = {
				LastUpgradeCheck = 0720;
				ORGANIZATIONNAME = wangxiongtao;
				TargetAttributes = {
					C82B9C1E1C1DB27800FBBDEB = {
						CreatedOnToolsVersion = 7.2;
						DevelopmentTeam = 475AFHP8AL;
						SystemCapabilities = {
							com.apple.BackgroundModes = {
								enabled = 1;
							};
						};
					};
				};
			};
			buildConfigurationList = C82B9C1A1C1DB27800FBBDEB /* Build configuration list for PBXProject "test" */;
			compatibilityVersion = "Xcode 3.2";
			developmentRegion = English;
			hasScannedForEncodings = 0;
			knownRegions = (
				en,
				Base,
			);
			mainGroup = C82B9C161C1DB27800FBBDEB;
			productRefGroup = C82B9C201C1DB27800FBBDEB /* Products */;
			projectDirPath = "";
			projectRoot = "";
			targets = (
				C82B9C1E1C1DB27800FBBDEB /* test */,
			);
		};
/* End PBXProject section */

/* Begin PBXResourcesBuildPhase section */
		C82B9C1D1C1DB27800FBBDEB /* Resources */ = {
			isa = PBXResourcesBuildPhase;
			buildActionMask = 2147483647;
			files = (
				C82B9C321C1DB27800FBBDEB /* LaunchScreen.storyboard in Resources */,
				C8A617531C29A4000070D101 /* DSC01425.JPG in Resources */,
				C88D659A1CA90C0D004E1D50 /* yycs.mp3 in Resources */,
				C8A617551C29A44B0070D101 /* DSC01529.JPG in Resources */,
				C82B9C2F1C1DB27800FBBDEB /* Assets.xcassets in Resources */,
				C8A617511C2995FE0070D101 /* pere_david_s_deer-002.jpg in Resources */,
				C85D302F1C7DA28800921539 /* Default-568h@2x.png in Resources */,
			);
			runOnlyForDeploymentPostprocessing = 0;
		};
/* End PBXResourcesBuildPhase section */

/* Begin PBXSourcesBuildPhase section */
		C82B9C1B1C1DB27800FBBDEB /* Sources */ = {
			isa = PBXSourcesBuildPhase;
			buildActionMask = 2147483647;
			files = (
				C8DCCA711C9114EA00D789AC /* codingDataTest.m in Sources */,
				C8DCCA891C916CF600D789AC /* ASIAuthenticationDialog.m in Sources */,
				C87884D31C96605700F51782 /* AFSecurityPolicy.m in Sources */,
				C8DCCA8C1C916CF600D789AC /* ASIDownloadCache.m in Sources */,
				C8DCCA8D1C916CF600D789AC /* ASIFormDataRequest.m in Sources */,
				C8DCCA901C916CF600D789AC /* ASINetworkQueue.m in Sources */,
				C87884EF1C966A3500F51782 /* UIActivityIndicatorView+AFNetworking.m in Sources */,
				C8BBE4B81C34189200BE3E63 /* TableViewControllerDemo.m in Sources */,
				C814F8781C2AE73F00274CAF /* testclass.m in Sources */,
				C87884F01C966A3500F51782 /* UIButton+AFNetworking.m in Sources */,
				C8C1995B1C32D28700C2017B /* wxtClass.m in Sources */,
				C87884F11C966A3500F51782 /* UIImageView+AFNetworking.m in Sources */,
				C8DCCA8E1C916CF600D789AC /* ASIHTTPRequest.m in Sources */,
				C87884F21C966A3500F51782 /* UIProgressView+AFNetworking.m in Sources */,
				C8DCCA6E1C902B4D00D789AC /* codingData.m in Sources */,
				C87884ED1C966A3500F51782 /* AFImageDownloader.m in Sources */,
				C87884EE1C966A3500F51782 /* AFNetworkActivityIndicatorManager.m in Sources */,
				C87884F41C966A3500F51782 /* UIWebView+AFNetworking.m in Sources */,
				C87884D61C96605700F51782 /* AFURLSessionManager.m in Sources */,
				C82B9C2A1C1DB27800FBBDEB /* ViewController.m in Sources */,
				C8314AEB1C86D61C00BA8E46 /* KvoClass.m in Sources */,
				C88D65921CA4EAB7004E1D50 /* blockViewViewController.m in Sources */,
				C87884D11C96605700F51782 /* AFHTTPSessionManager.m in Sources */,
				C87884D51C96605700F51782 /* AFURLResponseSerialization.m in Sources */,
				C8DCCA8A1C916CF600D789AC /* ASIDataCompressor.m in Sources */,
				C87884D41C96605700F51782 /* AFURLRequestSerialization.m in Sources */,
				C87884F31C966A3500F51782 /* UIRefreshControl+AFNetworking.m in Sources */,
				C82B9C271C1DB27800FBBDEB /* AppDelegate.m in Sources */,
				C8DCCA911C916CF600D789AC /* Reachability.m in Sources */,
				C82B9C241C1DB27800FBBDEB /* main.m in Sources */,
				C8DCCA8F1C916CF600D789AC /* ASIInputStream.m in Sources */,
				C8DCCA8B1C916CF600D789AC /* ASIDataDecompressor.m in Sources */,
				C85D303B1C7DB57400921539 /* KeychainItemWrapper.m in Sources */,
				C87884EC1C966A3500F51782 /* AFAutoPurgingImageCache.m in Sources */,
				C87884D21C96605700F51782 /* AFNetworkReachabilityManager.m in Sources */,
				C8314AE81C86C05C00BA8E46 /* KvcClass.m in Sources */,
			);
			runOnlyForDeploymentPostprocessing = 0;
		};
/* End PBXSourcesBuildPhase section */

/* Begin PBXVariantGroup section */
		C82B9C301C1DB27800FBBDEB /* LaunchScreen.storyboard */ = {
			isa = PBXVariantGroup;
			children = (
				C82B9C311C1DB27800FBBDEB /* Base */,
			);
			name = LaunchScreen.storyboard;
			sourceTree = "<group>";
		};
/* End PBXVariantGroup section */

/* Begin XCBuildConfiguration section */
		C82B9C341C1DB27800FBBDEB /* Debug */ = {
			isa = XCBuildConfiguration;
			buildSettings = {
				ALWAYS_SEARCH_USER_PATHS = NO;
				CLANG_CXX_LANGUAGE_STANDARD = "gnu++0x";
				CLANG_CXX_LIBRARY = "libc++";
				CLANG_ENABLE_MODULES = YES;
				CLANG_ENABLE_OBJC_ARC = YES;
				CLANG_WARN_BOOL_CONVERSION = YES;
				CLANG_WARN_CONSTANT_CONVERSION = YES;
				CLANG_WARN_DIRECT_OBJC_ISA_USAGE = YES_ERROR;
				CLANG_WARN_EMPTY_BODY = YES;
				CLANG_WARN_ENUM_CONVERSION = YES;
				CLANG_WARN_INT_CONVERSION = YES;
				CLANG_WARN_OBJC_ROOT_CLASS = YES_ERROR;
				CLANG_WARN_UNREACHABLE_CODE = YES;
				CLANG_WARN__DUPLICATE_METHOD_MATCH = YES;
				"CODE_SIGN_IDENTITY[sdk=iphoneos*]" = "iPhone Developer";
				COPY_PHASE_STRIP = NO;
				DEBUG_INFORMATION_FORMAT = dwarf;
				ENABLE_STRICT_OBJC_MSGSEND = YES;
				ENABLE_TESTABILITY = YES;
				GCC_C_LANGUAGE_STANDARD = gnu99;
				GCC_DYNAMIC_NO_PIC = NO;
				GCC_NO_COMMON_BLOCKS = YES;
				GCC_OPTIMIZATION_LEVEL = 0;
				GCC_PREPROCESSOR_DEFINITIONS = (
					"DEBUG=1",
					"$(inherited)",
				);
				GCC_WARN_64_TO_32_BIT_CONVERSION = YES;
				GCC_WARN_ABOUT_RETURN_TYPE = YES_ERROR;
				GCC_WARN_UNDECLARED_SELECTOR = YES;
				GCC_WARN_UNINITIALIZED_AUTOS = YES_AGGRESSIVE;
				GCC_WARN_UNUSED_FUNCTION = YES;
				GCC_WARN_UNUSED_VARIABLE = YES;
				IPHONEOS_DEPLOYMENT_TARGET = 9.2;
				MTL_ENABLE_DEBUG_INFO = YES;
				ONLY_ACTIVE_ARCH = YES;
				SDKROOT = iphoneos;
			};
			name = Debug;
		};
		C82B9C351C1DB27800FBBDEB /* Release */ = {
			isa = XCBuildConfiguration;
			buildSettings = {
				ALWAYS_SEARCH_USER_PATHS = NO;
				CLANG_CXX_LANGUAGE_STANDARD = "gnu++0x";
				CLANG_CXX_LIBRARY = "libc++";
				CLANG_ENABLE_MODULES = YES;
				CLANG_ENABLE_OBJC_ARC = YES;
				CLANG_WARN_BOOL_CONVERSION = YES;
				CLANG_WARN_CONSTANT_CONVERSION = YES;
				CLANG_WARN_DIRECT_OBJC_ISA_USAGE = YES_ERROR;
				CLANG_WARN_EMPTY_BODY = YES;
				CLANG_WARN_ENUM_CONVERSION = YES;
				CLANG_WARN_INT_CONVERSION = YES;
				CLANG_WARN_OBJC_ROOT_CLASS = YES_ERROR;
				CLANG_WARN_UNREACHABLE_CODE = YES;
				CLANG_WARN__DUPLICATE_METHOD_MATCH = YES;
				"CODE_SIGN_IDENTITY[sdk=iphoneos*]" = "iPhone Developer";
				COPY_PHASE_STRIP = NO;
				DEBUG_INFORMATION_FORMAT = "dwarf-with-dsym";
				ENABLE_NS_ASSERTIONS = NO;
				ENABLE_STRICT_OBJC_MSGSEND = YES;
				GCC_C_LANGUAGE_STANDARD = gnu99;
				GCC_NO_COMMON_BLOCKS = YES;
				GCC_WARN_64_TO_32_BIT_CONVERSION = YES;
				GCC_WARN_ABOUT_RETURN_TYPE = YES_ERROR;
				GCC_WARN_UNDECLARED_SELECTOR = YES;
				GCC_WARN_UNINITIALIZED_AUTOS = YES_AGGRESSIVE;
				GCC_WARN_UNUSED_FUNCTION = YES;
				GCC_WARN_UNUSED_VARIABLE = YES;
				IPHONEOS_DEPLOYMENT_TARGET = 9.2;
				MTL_ENABLE_DEBUG_INFO = NO;
				SDKROOT = iphoneos;
				VALIDATE_PRODUCT = YES;
			};
			name = Release;
		};
		C82B9C371C1DB27800FBBDEB /* Debug */ = {
			isa = XCBuildConfiguration;
			buildSettings = {
				CLANG_ENABLE_OBJC_ARC = YES;
				CODE_SIGN_IDENTITY = "iPhone Developer: Qianli Ma (4NABK57F3C)";
				"CODE_SIGN_IDENTITY[sdk=iphoneos*]" = "iPhone Developer: Qianli Ma (4NABK57F3C)";
				INFOPLIST_FILE = test/Info.plist;
				IPHONEOS_DEPLOYMENT_TARGET = 7.0;
				LD_RUNPATH_SEARCH_PATHS = "$(inherited) @executable_path/Frameworks";
				PRODUCT_BUNDLE_IDENTIFIER = com.huying.ucaller;
				PRODUCT_NAME = "$(TARGET_NAME)";
				PROVISIONING_PROFILE = "7b889ade-8327-4c25-a105-ff41a68dd560";
			};
			name = Debug;
		};
		C82B9C381C1DB27800FBBDEB /* Release */ = {
			isa = XCBuildConfiguration;
			buildSettings = {
				CLANG_ENABLE_OBJC_ARC = YES;
				CODE_SIGN_IDENTITY = "iPhone Developer: Qianli Ma (4NABK57F3C)";
				"CODE_SIGN_IDENTITY[sdk=iphoneos*]" = "iPhone Developer: Qianli Ma (4NABK57F3C)";
				INFOPLIST_FILE = test/Info.plist;
				IPHONEOS_DEPLOYMENT_TARGET = 7.0;
				LD_RUNPATH_SEARCH_PATHS = "$(inherited) @executable_path/Frameworks";
				PRODUCT_BUNDLE_IDENTIFIER = com.huying.ucaller;
				PRODUCT_NAME = "$(TARGET_NAME)";
				PROVISIONING_PROFILE = "7b889ade-8327-4c25-a105-ff41a68dd560";
			};
			name = Release;
		};
/* End XCBuildConfiguration section */

/* Begin XCConfigurationList section */
		C82B9C1A1C1DB27800FBBDEB /* Build configuration list for PBXProject "test" */ = {
			isa = XCConfigurationList;
			buildConfigurations = (
				C82B9C341C1DB27800FBBDEB /* Debug */,
				C82B9C351C1DB27800FBBDEB /* Release */,
			);
			defaultConfigurationIsVisible = 0;
			defaultConfigurationName = Release;
		};
		C82B9C361C1DB27800FBBDEB /* Build configuration list for PBXNativeTarget "test" */ = {
			isa = XCConfigurationList;
			buildConfigurations = (
				C82B9C371C1DB27800FBBDEB /* Debug */,
				C82B9C381C1DB27800FBBDEB /* Release */,
			);
			defaultConfigurationIsVisible = 0;
			defaultConfigurationName = Release;
		};
/* End XCConfigurationList section */
	};
	rootObject = C82B9C171C1DB27800FBBDEB /* Project object */;
}
