// !$*UTF8*$!
{
	archiveVersion = 1;
	classes = {
	};
	objectVersion = 46;
	objects = {

/* Begin PBXBuildFile section */
		C814F8781C2AE73F00274CAF /* testclass.m in Sources */ = {isa = PBXBuildFile; fileRef = C814F8771C2AE73F00274CAF /* testclass.m */; };
		C82B9C241C1DB27800FBBDEB /* main.m in Sources */ = {isa = PBXBuildFile; fileRef = C82B9C231C1DB27800FBBDEB /* main.m */; };
		C82B9C271C1DB27800FBBDEB /* AppDelegate.m in Sources */ = {isa = PBXBuildFile; fileRef = C82B9C261C1DB27800FBBDEB /* AppDelegate.m */; };
		C82B9C2A1C1DB27800FBBDEB /* ViewController.m in Sources */ = {isa = PBXBuildFile; fileRef = C82B9C291C1DB27800FBBDEB /* ViewController.m */; };
		C82B9C2F1C1DB27800FBBDEB /* Assets.xcassets in Resources */ = {isa = PBXBuildFile; fileRef = C82B9C2E1C1DB27800FBBDEB /* Assets.xcassets */; };
		C82B9C321C1DB27800FBBDEB /* LaunchScreen.storyboard in Resources */ = {isa = PBXBuildFile; fileRef = C82B9C301C1DB27800FBBDEB /* LaunchScreen.storyboard */; };
		C85D302F1C7DA28800921539 /* Default-568h@2x.png in Resources */ = {isa = PBXBuildFile; fileRef = C85D302E1C7DA28800921539 /* Default-568h@2x.png */; };
		C85D30351C7DB1DB00921539 /* Security.framework in Frameworks */ = {isa = PBXBuildFile; fileRef = C85D30341C7DB1DA00921539 /* Security.framework */; };
		C85D303B1C7DB57400921539 /* KeychainItemWrapper.m in Sources */ = {isa = PBXBuildFile; fileRef = C85D303A1C7DB57400921539 /* KeychainItemWrapper.m */; };
		C8A617511C2995FE0070D101 /* pere_david_s_deer-002.jpg in Resources */ = {isa = PBXBuildFile; fileRef = C8A617501C2995FE0070D101 /* pere_david_s_deer-002.jpg */; };
		C8A617531C29A4000070D101 /* DSC01425.JPG in Resources */ = {isa = PBXBuildFile; fileRef = C8A617521C29A4000070D101 /* DSC01425.JPG */; };
		C8A617551C29A44B0070D101 /* DSC01529.JPG in Resources */ = {isa = PBXBuildFile; fileRef = C8A617541C29A44B0070D101 /* DSC01529.JPG */; };
		C8A6E23C1C2304F400C77EA7 /* AddressBook.framework in Frameworks */ = {isa = PBXBuildFile; fileRef = C8A6E23B1C2304F400C77EA7 /* AddressBook.framework */; };
		C8BBE4B81C34189200BE3E63 /* TableViewControllerDemo.m in Sources */ = {isa = PBXBuildFile; fileRef = C8BBE4B71C34189200BE3E63 /* TableViewControllerDemo.m */; };
		C8C1995B1C32D28700C2017B /* wxtClass.m in Sources */ = {isa = PBXBuildFile; fileRef = C8C1995A1C32D28700C2017B /* wxtClass.m */; };
/* End PBXBuildFile section */

/* Begin PBXFileReference section */
		C814F8761C2AE73F00274CAF /* testclass.h */ = {isa = PBXFileReference; fileEncoding = 4; lastKnownFileType = sourcecode.c.h; path = testclass.h; sourceTree = "<group>"; };
		C814F8771C2AE73F00274CAF /* testclass.m */ = {isa = PBXFileReference; fileEncoding = 4; lastKnownFileType = sourcecode.c.objc; path = testclass.m; sourceTree = "<group>"; };
		C82B9C1F1C1DB27800FBBDEB /* test.app */ = {isa = PBXFileReference; explicitFileType = wrapper.application; includeInIndex = 0; path = test.app; sourceTree = BUILT_PRODUCTS_DIR; };
		C82B9C231C1DB27800FBBDEB /* main.m */ = {isa = PBXFileReference; lastKnownFileType = sourcecode.c.objc; path = main.m; sourceTree = "<group>"; };
		C82B9C251C1DB27800FBBDEB /* AppDelegate.h */ = {isa = PBXFileReference; lastKnownFileType = sourcecode.c.h; path = AppDelegate.h; sourceTree = "<group>"; };
		C82B9C261C1DB27800FBBDEB /* AppDelegate.m */ = {isa = PBXFileReference; lastKnownFileType = sourcecode.c.objc; path = AppDelegate.m; sourceTree = "<group>"; };
		C82B9C281C1DB27800FBBDEB /* ViewController.h */ = {isa = PBXFileReference; lastKnownFileType = sourcecode.c.h; path = ViewController.h; sourceTree = "<group>"; };
		C82B9C291C1DB27800FBBDEB /* ViewController.m */ = {isa = PBXFileReference; lastKnownFileType = sourcecode.c.objc; path = ViewController.m; sourceTree = "<group>"; };
		C82B9C2E1C1DB27800FBBDEB /* Assets.xcassets */ = {isa = PBXFileReference; lastKnownFileType = folder.assetcatalog; path = Assets.xcassets; sourceTree = "<group>"; };
		C82B9C311C1DB27800FBBDEB /* Base */ = {isa = PBXFileReference; lastKnownFileType = file.storyboard; name = Base; path = Base.lproj/LaunchScreen.storyboard; sourceTree = "<group>"; };
		C82B9C331C1DB27800FBBDEB /* Info.plist */ = {isa = PBXFileReference; lastKnownFileType = text.plist.xml; path = Info.plist; sourceTree = "<group>"; };
		C85D302E1C7DA28800921539 /* Default-568h@2x.png */ = {isa = PBXFileReference; lastKnownFileType = image.png; path = "Default-568h@2x.png"; sourceTree = "<group>"; };
		C85D30341C7DB1DA00921539 /* Security.framework */ = {isa = PBXFileReference; lastKnownFileType = wrapper.framework; name = Security.framework; path = System/Library/Frameworks/Security.framework; sourceTree = SDKROOT; };
		C85D30391C7DB57400921539 /* KeychainItemWrapper.h */ = {isa = PBXFileReference; fileEncoding = 4; lastKnownFileType = sourcecode.c.h; path = KeychainItemWrapper.h; sourceTree = "<group>"; };
		C85D303A1C7DB57400921539 /* KeychainItemWrapper.m */ = {isa = PBXFileReference; fileEncoding = 4; lastKnownFileType = sourcecode.c.objc; path = KeychainItemWrapper.m; sourceTree = "<group>"; };
		C8A617501C2995FE0070D101 /* pere_david_s_deer-002.jpg */ = {isa = PBXFileReference; lastKnownFileType = image.jpeg; path = "pere_david_s_deer-002.jpg"; sourceTree = "<group>"; };
		C8A617521C29A4000070D101 /* DSC01425.JPG */ = {isa = PBXFileReference; lastKnownFileType = image.jpeg; path = DSC01425.JPG; sourceTree = "<group>"; };
		C8A617541C29A44B0070D101 /* DSC01529.JPG */ = {isa = PBXFileReference; lastKnownFileType = image.jpeg; path = DSC01529.JPG; sourceTree = "<group>"; };
		C8A6E23B1C2304F400C77EA7 /* AddressBook.framework */ = {isa = PBXFileReference; lastKnownFileType = wrapper.framework; name = AddressBook.framework; path = System/Library/Frameworks/AddressBook.framework; sourceTree = SDKROOT; };
		C8BBE4B61C34189200BE3E63 /* TableViewControllerDemo.h */ = {isa = PBXFileReference; fileEncoding = 4; lastKnownFileType = sourcecode.c.h; path = TableViewControllerDemo.h; sourceTree = "<group>"; };
		C8BBE4B71C34189200BE3E63 /* TableViewControllerDemo.m */ = {isa = PBXFileReference; fileEncoding = 4; lastKnownFileType = sourcecode.c.objc; path = TableViewControllerDemo.m; sourceTree = "<group>"; };
		C8C199591C32D28700C2017B /* wxtClass.h */ = {isa = PBXFileReference; fileEncoding = 4; lastKnownFileType = sourcecode.c.h; path = wxtClass.h; sourceTree = "<group>"; };
		C8C1995A1C32D28700C2017B /* wxtClass.m */ = {isa = PBXFileReference; fileEncoding = 4; lastKnownFileType = sourcecode.c.objc; path = wxtClass.m; sourceTree = "<group>"; };
/* End PBXFileReference section */

/* Begin PBXFrameworksBuildPhase section */
		C82B9C1C1C1DB27800FBBDEB /* Frameworks */ = {
			isa = PBXFrameworksBuildPhase;
			buildActionMask = 2147483647;
			files = (
				C85D30351C7DB1DB00921539 /* Security.framework in Frameworks */,
				C8A6E23C1C2304F400C77EA7 /* AddressBook.framework in Frameworks */,
			);
			runOnlyForDeploymentPostprocessing = 0;
		};
/* End PBXFrameworksBuildPhase section */

/* Begin PBXGroup section */
		C82B9C161C1DB27800FBBDEB = {
			isa = PBXGroup;
			children = (
				C85D30341C7DB1DA00921539 /* Security.framework */,
				C85D302E1C7DA28800921539 /* Default-568h@2x.png */,
				C8A6E23B1C2304F400C77EA7 /* AddressBook.framework */,
				C82B9C211C1DB27800FBBDEB /* test */,
				C82B9C201C1DB27800FBBDEB /* Products */,
			);
			sourceTree = "<group>";
		};
		C82B9C201C1DB27800FBBDEB /* Products */ = {
			isa = PBXGroup;
			children = (
				C82B9C1F1C1DB27800FBBDEB /* test.app */,
			);
			name = Products;
			sourceTree = "<group>";
		};
		C82B9C211C1DB27800FBBDEB /* test */ = {
			isa = PBXGroup;
			children = (
				C85D30381C7DB57400921539 /* Keychain */,
				C82B9C251C1DB27800FBBDEB /* AppDelegate.h */,
				C82B9C261C1DB27800FBBDEB /* AppDelegate.m */,
				C82B9C281C1DB27800FBBDEB /* ViewController.h */,
				C82B9C291C1DB27800FBBDEB /* ViewController.m */,
				C8A617501C2995FE0070D101 /* pere_david_s_deer-002.jpg */,
				C8A617541C29A44B0070D101 /* DSC01529.JPG */,
				C8A617521C29A4000070D101 /* DSC01425.JPG */,
				C82B9C2E1C1DB27800FBBDEB /* Assets.xcassets */,
				C82B9C301C1DB27800FBBDEB /* LaunchScreen.storyboard */,
				C82B9C331C1DB27800FBBDEB /* Info.plist */,
				C82B9C221C1DB27800FBBDEB /* Supporting Files */,
				C814F8761C2AE73F00274CAF /* testclass.h */,
				C814F8771C2AE73F00274CAF /* testclass.m */,
				C8C199591C32D28700C2017B /* wxtClass.h */,
				C8C1995A1C32D28700C2017B /* wxtClass.m */,
				C8BBE4B61C34189200BE3E63 /* TableViewControllerDemo.h */,
				C8BBE4B71C34189200BE3E63 /* TableViewControllerDemo.m */,
			);
			path = test;
			sourceTree = "<group>";
		};
		C82B9C221C1DB27800FBBDEB /* Supporting Files */ = {
			isa = PBXGroup;
			children = (
				C82B9C231C1DB27800FBBDEB /* main.m */,
			);
			name = "Supporting Files";
			sourceTree = "<group>";
		};
		C85D30381C7DB57400921539 /* Keychain */ = {
			isa = PBXGroup;
			children = (
				C85D30391C7DB57400921539 /* KeychainItemWrapper.h */,
				C85D303A1C7DB57400921539 /* KeychainItemWrapper.m */,
			);
			path = Keychain;
			sourceTree = "<group>";
		};
/* End PBXGroup section */

/* Begin PBXNativeTarget section */
		C82B9C1E1C1DB27800FBBDEB /* test */ = {
			isa = PBXNativeTarget;
			buildConfigurationList = C82B9C361C1DB27800FBBDEB /* Build configuration list for PBXNativeTarget "test" */;
			buildPhases = (
				C82B9C1B1C1DB27800FBBDEB /* Sources */,
				C82B9C1C1C1DB27800FBBDEB /* Frameworks */,
				C82B9C1D1C1DB27800FBBDEB /* Resources */,
			);
			buildRules = (
			);
			dependencies = (
			);
			name = test;
			productName = test;
			productReference = C82B9C1F1C1DB27800FBBDEB /* test.app */;
			productType = "com.apple.product-type.application";
		};
/* End PBXNativeTarget section */

/* Begin PBXProject section */
		C82B9C171C1DB27800FBBDEB /* Project object */ = {
			isa = PBXProject;
			attributes = {
				LastUpgradeCheck = 0720;
				ORGANIZATIONNAME = wangxiongtao;
				TargetAttributes = {
					C82B9C1E1C1DB27800FBBDEB = {
						CreatedOnToolsVersion = 7.2;
						DevelopmentTeam = 475AFHP8AL;
					};
				};
			};
			buildConfigurationList = C82B9C1A1C1DB27800FBBDEB /* Build configuration list for PBXProject "test" */;
			compatibilityVersion = "Xcode 3.2";
			developmentRegion = English;
			hasScannedForEncodings = 0;
			knownRegions = (
				en,
				Base,
			);
			mainGroup = C82B9C161C1DB27800FBBDEB;
			productRefGroup = C82B9C201C1DB27800FBBDEB /* Products */;
			projectDirPath = "";
			projectRoot = "";
			targets = (
				C82B9C1E1C1DB27800FBBDEB /* test */,
			);
		};
/* End PBXProject section */

/* Begin PBXResourcesBuildPhase section */
		C82B9C1D1C1DB27800FBBDEB /* Resources */ = {
			isa = PBXResourcesBuildPhase;
			buildActionMask = 2147483647;
			files = (
				C82B9C321C1DB27800FBBDEB /* LaunchScreen.storyboard in Resources */,
				C8A617531C29A4000070D101 /* DSC01425.JPG in Resources */,
				C8A617551C29A44B0070D101 /* DSC01529.JPG in Resources */,
				C82B9C2F1C1DB27800FBBDEB /* Assets.xcassets in Resources */,
				C8A617511C2995FE0070D101 /* pere_david_s_deer-002.jpg in Resources */,
				C85D302F1C7DA28800921539 /* Default-568h@2x.png in Resources */,
			);
			runOnlyForDeploymentPostprocessing = 0;
		};
/* End PBXResourcesBuildPhase section */

/* Begin PBXSourcesBuildPhase section */
		C82B9C1B1C1DB27800FBBDEB /* Sources */ = {
			isa = PBXSourcesBuildPhase;
			buildActionMask = 2147483647;
			files = (
				C8BBE4B81C34189200BE3E63 /* TableViewControllerDemo.m in Sources */,
				C814F8781C2AE73F00274CAF /* testclass.m in Sources */,
				C8C1995B1C32D28700C2017B /* wxtClass.m in Sources */,
				C82B9C2A1C1DB27800FBBDEB /* ViewController.m in Sources */,
				C82B9C271C1DB27800FBBDEB /* AppDelegate.m in Sources */,
				C82B9C241C1DB27800FBBDEB /* main.m in Sources */,
				C85D303B1C7DB57400921539 /* KeychainItemWrapper.m in Sources */,
			);
			runOnlyForDeploymentPostprocessing = 0;
		};
/* End PBXSourcesBuildPhase section */

/* Begin PBXVariantGroup section */
		C82B9C301C1DB27800FBBDEB /* LaunchScreen.storyboard */ = {
			isa = PBXVariantGroup;
			children = (
				C82B9C311C1DB27800FBBDEB /* Base */,
			);
			name = LaunchScreen.storyboard;
			sourceTree = "<group>";
		};
/* End PBXVariantGroup section */

/* Begin XCBuildConfiguration section */
		C82B9C341C1DB27800FBBDEB /* Debug */ = {
			isa = XCBuildConfiguration;
			buildSettings = {
				ALWAYS_SEARCH_USER_PATHS = NO;
				CLANG_CXX_LANGUAGE_STANDARD = "gnu++0x";
				CLANG_CXX_LIBRARY = "libc++";
				CLANG_ENABLE_MODULES = YES;
				CLANG_ENABLE_OBJC_ARC = YES;
				CLANG_WARN_BOOL_CONVERSION = YES;
				CLANG_WARN_CONSTANT_CONVERSION = YES;
				CLANG_WARN_DIRECT_OBJC_ISA_USAGE = YES_ERROR;
				CLANG_WARN_EMPTY_BODY = YES;
				CLANG_WARN_ENUM_CONVERSION = YES;
				CLANG_WARN_INT_CONVERSION = YES;
				CLANG_WARN_OBJC_ROOT_CLASS = YES_ERROR;
				CLANG_WARN_UNREACHABLE_CODE = YES;
				CLANG_WARN__DUPLICATE_METHOD_MATCH = YES;
				"CODE_SIGN_IDENTITY[sdk=iphoneos*]" = "iPhone Developer";
				COPY_PHASE_STRIP = NO;
				DEBUG_INFORMATION_FORMAT = dwarf;
				ENABLE_STRICT_OBJC_MSGSEND = YES;
				ENABLE_TESTABILITY = YES;
				GCC_C_LANGUAGE_STANDARD = gnu99;
				GCC_DYNAMIC_NO_PIC = NO;
				GCC_NO_COMMON_BLOCKS = YES;
				GCC_OPTIMIZATION_LEVEL = 0;
				GCC_PREPROCESSOR_DEFINITIONS = (
					"DEBUG=1",
					"$(inherited)",
				);
				GCC_WARN_64_TO_32_BIT_CONVERSION = YES;
				GCC_WARN_ABOUT_RETURN_TYPE = YES_ERROR;
				GCC_WARN_UNDECLARED_SELECTOR = YES;
				GCC_WARN_UNINITIALIZED_AUTOS = YES_AGGRESSIVE;
				GCC_WARN_UNUSED_FUNCTION = YES;
				GCC_WARN_UNUSED_VARIABLE = YES;
				IPHONEOS_DEPLOYMENT_TARGET = 9.2;
				MTL_ENABLE_DEBUG_INFO = YES;
				ONLY_ACTIVE_ARCH = YES;
				SDKROOT = iphoneos;
			};
			name = Debug;
		};
		C82B9C351C1DB27800FBBDEB /* Release */ = {
			isa = XCBuildConfiguration;
			buildSettings = {
				ALWAYS_SEARCH_USER_PATHS = NO;
				CLANG_CXX_LANGUAGE_STANDARD = "gnu++0x";
				CLANG_CXX_LIBRARY = "libc++";
				CLANG_ENABLE_MODULES = YES;
				CLANG_ENABLE_OBJC_ARC = YES;
				CLANG_WARN_BOOL_CONVERSION = YES;
				CLANG_WARN_CONSTANT_CONVERSION = YES;
				CLANG_WARN_DIRECT_OBJC_ISA_USAGE = YES_ERROR;
				CLANG_WARN_EMPTY_BODY = YES;
				CLANG_WARN_ENUM_CONVERSION = YES;
				CLANG_WARN_INT_CONVERSION = YES;
				CLANG_WARN_OBJC_ROOT_CLASS = YES_ERROR;
				CLANG_WARN_UNREACHABLE_CODE = YES;
				CLANG_WARN__DUPLICATE_METHOD_MATCH = YES;
				"CODE_SIGN_IDENTITY[sdk=iphoneos*]" = "iPhone Developer";
				COPY_PHASE_STRIP = NO;
				DEBUG_INFORMATION_FORMAT = "dwarf-with-dsym";
				ENABLE_NS_ASSERTIONS = NO;
				ENABLE_STRICT_OBJC_MSGSEND = YES;
				GCC_C_LANGUAGE_STANDARD = gnu99;
				GCC_NO_COMMON_BLOCKS = YES;
				GCC_WARN_64_TO_32_BIT_CONVERSION = YES;
				GCC_WARN_ABOUT_RETURN_TYPE = YES_ERROR;
				GCC_WARN_UNDECLARED_SELECTOR = YES;
				GCC_WARN_UNINITIALIZED_AUTOS = YES_AGGRESSIVE;
				GCC_WARN_UNUSED_FUNCTION = YES;
				GCC_WARN_UNUSED_VARIABLE = YES;
				IPHONEOS_DEPLOYMENT_TARGET = 9.2;
				MTL_ENABLE_DEBUG_INFO = NO;
				SDKROOT = iphoneos;
				VALIDATE_PRODUCT = YES;
			};
			name = Release;
		};
		C82B9C371C1DB27800FBBDEB /* Debug */ = {
			isa = XCBuildConfiguration;
			buildSettings = {
				CLANG_ENABLE_OBJC_ARC = YES;
				CODE_SIGN_IDENTITY = "iPhone Developer: Qianli Ma (4NABK57F3C)";
				"CODE_SIGN_IDENTITY[sdk=iphoneos*]" = "iPhone Developer: Qianli Ma (4NABK57F3C)";
				INFOPLIST_FILE = test/Info.plist;
				IPHONEOS_DEPLOYMENT_TARGET = 7.1;
				LD_RUNPATH_SEARCH_PATHS = "$(inherited) @executable_path/Frameworks";
				PRODUCT_BUNDLE_IDENTIFIER = com.huying.ucaller;
				PRODUCT_NAME = "$(TARGET_NAME)";
				PROVISIONING_PROFILE = "7b889ade-8327-4c25-a105-ff41a68dd560";
			};
			name = Debug;
		};
		C82B9C381C1DB27800FBBDEB /* Release */ = {
			isa = XCBuildConfiguration;
			buildSettings = {
				CLANG_ENABLE_OBJC_ARC = YES;
				CODE_SIGN_IDENTITY = "iPhone Developer: Qianli Ma (4NABK57F3C)";
				"CODE_SIGN_IDENTITY[sdk=iphoneos*]" = "iPhone Developer: Qianli Ma (4NABK57F3C)";
				INFOPLIST_FILE = test/Info.plist;
				IPHONEOS_DEPLOYMENT_TARGET = 7.1;
				LD_RUNPATH_SEARCH_PATHS = "$(inherited) @executable_path/Frameworks";
				PRODUCT_BUNDLE_IDENTIFIER = com.huying.ucaller;
				PRODUCT_NAME = "$(TARGET_NAME)";
				PROVISIONING_PROFILE = "7b889ade-8327-4c25-a105-ff41a68dd560";
			};
			name = Release;
		};
/* End XCBuildConfiguration section */

/* Begin XCConfigurationList section */
		C82B9C1A1C1DB27800FBBDEB /* Build configuration list for PBXProject "test" */ = {
			isa = XCConfigurationList;
			buildConfigurations = (
				C82B9C341C1DB27800FBBDEB /* Debug */,
				C82B9C351C1DB27800FBBDEB /* Release */,
			);
			defaultConfigurationIsVisible = 0;
			defaultConfigurationName = Release;
		};
		C82B9C361C1DB27800FBBDEB /* Build configuration list for PBXNativeTarget "test" */ = {
			isa = XCConfigurationList;
			buildConfigurations = (
				C82B9C371C1DB27800FBBDEB /* Debug */,
				C82B9C381C1DB27800FBBDEB /* Release */,
			);
			defaultConfigurationIsVisible = 0;
			defaultConfigurationName = Release;
		};
/* End XCConfigurationList section */
	};
	rootObject = C82B9C171C1DB27800FBBDEB /* Project object */;
}
